
Microsoft Visual Studio Solution File, Format Version 12.00
# Visual Studio Version 17
VisualStudioVersion = 17.7.34024.191
MinimumVisualStudioVersion = 10.0.40219.1
Project("{FAE04EC0-301F-11D3-BF4B-00C04F79EFBC}") = "ConsoleApp3", "ConsoleApp3\ConsoleApp3.csproj", "{3ECE4660-95CC-4B3B-A242-93E4FE2CDBEE}"
EndProject
Global
	GlobalSection(SolutionConfigurationPlatforms) = preSolution
		Debug|Any CPU = Debug|Any CPU
		Release|Any CPU = Release|Any CPU
	EndGlobalSection
	GlobalSection(ProjectConfigurationPlatforms) = postSolution
		{3ECE4660-95CC-4B3B-A242-93E4FE2CDBEE}.Debug|Any CPU.ActiveCfg = Debug|Any CPU
		{3ECE4660-95CC-4B3B-A242-93E4FE2CDBEE}.Debug|Any CPU.Build.0 = Debug|Any CPU
		{3ECE4660-95CC-4B3B-A242-93E4FE2CDBEE}.Release|Any CPU.ActiveCfg = Release|Any CPU
		{3ECE4660-95CC-4B3B-A242-93E4FE2CDBEE}.Release|Any CPU.Build.0 = Release|Any CPU
	EndGlobalSection
	GlobalSection(SolutionProperties) = preSolution
		HideSolutionNode = FALSE
	EndGlobalSection
	GlobalSection(ExtensibilityGlobals) = postSolution
		SolutionGuid = {1E728BA3-3AFD-42D9-BEFB-EAA6D238A48D}
	EndGlobalSection
EndGlobal
